// !$*UTF8*$!
{
	archiveVersion = 1;
	classes = {
	};
	objectVersion = 48;
	objects = {

/* Begin PBXBuildFile section */
		2DCBC74B1FC6CA9200075ED1 /* AppDelegate.swift in Sources */ = {isa = PBXBuildFile; fileRef = 2DCBC74A1FC6CA9200075ED1 /* AppDelegate.swift */; };
		2DCBC7501FC6CA9300075ED1 /* Main.storyboard in Resources */ = {isa = PBXBuildFile; fileRef = 2DCBC74E1FC6CA9300075ED1 /* Main.storyboard */; };
		2DCBC7521FC6CA9300075ED1 /* Assets.xcassets in Resources */ = {isa = PBXBuildFile; fileRef = 2DCBC7511FC6CA9300075ED1 /* Assets.xcassets */; };
		2DCBC7551FC6CA9300075ED1 /* LaunchScreen.storyboard in Resources */ = {isa = PBXBuildFile; fileRef = 2DCBC7531FC6CA9300075ED1 /* LaunchScreen.storyboard */; };
		2DCBC7601FC6CA9300075ED1 /* HomepwnerTests.swift in Sources */ = {isa = PBXBuildFile; fileRef = 2DCBC75F1FC6CA9300075ED1 /* HomepwnerTests.swift */; };
		2DCBC76B1FC6CA9300075ED1 /* HomepwnerUITests.swift in Sources */ = {isa = PBXBuildFile; fileRef = 2DCBC76A1FC6CA9300075ED1 /* HomepwnerUITests.swift */; };
		2DFA31F51FC6FD4A00680699 /* ImageStore.swift in Sources */ = {isa = PBXBuildFile; fileRef = 2DFA31F41FC6FD4A00680699 /* ImageStore.swift */; };
		2DFA31F71FC7031C00680699 /* ItemStore.swift in Sources */ = {isa = PBXBuildFile; fileRef = 2DFA31F61FC7031C00680699 /* ItemStore.swift */; };
		2DFA31F91FC705CF00680699 /* Item.swift in Sources */ = {isa = PBXBuildFile; fileRef = 2DFA31F81FC705CF00680699 /* Item.swift */; };
		2DFA31FB1FC707C700680699 /* ItemsViewController.swift in Sources */ = {isa = PBXBuildFile; fileRef = 2DFA31FA1FC707C700680699 /* ItemsViewController.swift */; };
		2DFA31FD1FC707DB00680699 /* ItemCell.swift in Sources */ = {isa = PBXBuildFile; fileRef = 2DFA31FC1FC707DB00680699 /* ItemCell.swift */; };
		2DFA31FF1FC7082100680699 /* DetailViewController.swift in Sources */ = {isa = PBXBuildFile; fileRef = 2DFA31FE1FC7082000680699 /* DetailViewController.swift */; };
/* End PBXBuildFile section */

/* Begin PBXContainerItemProxy section */
		2DCBC75C1FC6CA9300075ED1 /* PBXContainerItemProxy */ = {
			isa = PBXContainerItemProxy;
			containerPortal = 2DCBC73F1FC6CA9200075ED1 /* Project object */;
			proxyType = 1;
			remoteGlobalIDString = 2DCBC7461FC6CA9200075ED1;
			remoteInfo = Homepwner;
		};
		2DCBC7671FC6CA9300075ED1 /* PBXContainerItemProxy */ = {
			isa = PBXContainerItemProxy;
			containerPortal = 2DCBC73F1FC6CA9200075ED1 /* Project object */;
			proxyType = 1;
			remoteGlobalIDString = 2DCBC7461FC6CA9200075ED1;
			remoteInfo = Homepwner;
		};
/* End PBXContainerItemProxy section */

/* Begin PBXFileReference section */
		2DCBC7471FC6CA9200075ED1 /* Homepwner.app */ = {isa = PBXFileReference; explicitFileType = wrapper.application; includeInIndex = 0; path = Homepwner.app; sourceTree = BUILT_PRODUCTS_DIR; };
		2DCBC74A1FC6CA9200075ED1 /* AppDelegate.swift */ = {isa = PBXFileReference; lastKnownFileType = sourcecode.swift; path = AppDelegate.swift; sourceTree = "<group>"; };
		2DCBC74F1FC6CA9300075ED1 /* Base */ = {isa = PBXFileReference; lastKnownFileType = file.storyboard; name = Base; path = Base.lproj/Main.storyboard; sourceTree = "<group>"; };
		2DCBC7511FC6CA9300075ED1 /* Assets.xcassets */ = {isa = PBXFileReference; lastKnownFileType = folder.assetcatalog; path = Assets.xcassets; sourceTree = "<group>"; };
		2DCBC7541FC6CA9300075ED1 /* Base */ = {isa = PBXFileReference; lastKnownFileType = file.storyboard; name = Base; path = Base.lproj/LaunchScreen.storyboard; sourceTree = "<group>"; };
		2DCBC7561FC6CA9300075ED1 /* Info.plist */ = {isa = PBXFileReference; lastKnownFileType = text.plist.xml; path = Info.plist; sourceTree = "<group>"; };
		2DCBC75B1FC6CA9300075ED1 /* HomepwnerTests.xctest */ = {isa = PBXFileReference; explicitFileType = wrapper.cfbundle; includeInIndex = 0; path = HomepwnerTests.xctest; sourceTree = BUILT_PRODUCTS_DIR; };
		2DCBC75F1FC6CA9300075ED1 /* HomepwnerTests.swift */ = {isa = PBXFileReference; lastKnownFileType = sourcecode.swift; path = HomepwnerTests.swift; sourceTree = "<group>"; };
		2DCBC7611FC6CA9300075ED1 /* Info.plist */ = {isa = PBXFileReference; lastKnownFileType = text.plist.xml; path = Info.plist; sourceTree = "<group>"; };
		2DCBC7661FC6CA9300075ED1 /* HomepwnerUITests.xctest */ = {isa = PBXFileReference; explicitFileType = wrapper.cfbundle; includeInIndex = 0; path = HomepwnerUITests.xctest; sourceTree = BUILT_PRODUCTS_DIR; };
		2DCBC76A1FC6CA9300075ED1 /* HomepwnerUITests.swift */ = {isa = PBXFileReference; lastKnownFileType = sourcecode.swift; path = HomepwnerUITests.swift; sourceTree = "<group>"; };
		2DCBC76C1FC6CA9300075ED1 /* Info.plist */ = {isa = PBXFileReference; lastKnownFileType = text.plist.xml; path = Info.plist; sourceTree = "<group>"; };
		2DFA31F41FC6FD4A00680699 /* ImageStore.swift */ = {isa = PBXFileReference; lastKnownFileType = sourcecode.swift; path = ImageStore.swift; sourceTree = "<group>"; };
		2DFA31F61FC7031C00680699 /* ItemStore.swift */ = {isa = PBXFileReference; lastKnownFileType = sourcecode.swift; path = ItemStore.swift; sourceTree = "<group>"; };
		2DFA31F81FC705CF00680699 /* Item.swift */ = {isa = PBXFileReference; lastKnownFileType = sourcecode.swift; path = Item.swift; sourceTree = "<group>"; };
		2DFA31FA1FC707C700680699 /* ItemsViewController.swift */ = {isa = PBXFileReference; lastKnownFileType = sourcecode.swift; path = ItemsViewController.swift; sourceTree = "<group>"; };
		2DFA31FC1FC707DB00680699 /* ItemCell.swift */ = {isa = PBXFileReference; lastKnownFileType = sourcecode.swift; path = ItemCell.swift; sourceTree = "<group>"; };
		2DFA31FE1FC7082000680699 /* DetailViewController.swift */ = {isa = PBXFileReference; lastKnownFileType = sourcecode.swift; path = DetailViewController.swift; sourceTree = "<group>"; };
/* End PBXFileReference section */

/* Begin PBXFrameworksBuildPhase section */
		2DCBC7441FC6CA9200075ED1 /* Frameworks */ = {
			isa = PBXFrameworksBuildPhase;
			buildActionMask = 2147483647;
			files = (
			);
			runOnlyForDeploymentPostprocessing = 0;
		};
		2DCBC7581FC6CA9300075ED1 /* Frameworks */ = {
			isa = PBXFrameworksBuildPhase;
			buildActionMask = 2147483647;
			files = (
			);
			runOnlyForDeploymentPostprocessing = 0;
		};
		2DCBC7631FC6CA9300075ED1 /* Frameworks */ = {
			isa = PBXFrameworksBuildPhase;
			buildActionMask = 2147483647;
			files = (
			);
			runOnlyForDeploymentPostprocessing = 0;
		};
/* End PBXFrameworksBuildPhase section */

/* Begin PBXGroup section */
		2DCBC73E1FC6CA9200075ED1 = {
			isa = PBXGroup;
			children = (
				2DCBC7491FC6CA9200075ED1 /* Homepwner */,
				2DCBC75E1FC6CA9300075ED1 /* HomepwnerTests */,
				2DCBC7691FC6CA9300075ED1 /* HomepwnerUITests */,
				2DCBC7481FC6CA9200075ED1 /* Products */,
			);
			sourceTree = "<group>";
		};
		2DCBC7481FC6CA9200075ED1 /* Products */ = {
			isa = PBXGroup;
			children = (
				2DCBC7471FC6CA9200075ED1 /* Homepwner.app */,
				2DCBC75B1FC6CA9300075ED1 /* HomepwnerTests.xctest */,
				2DCBC7661FC6CA9300075ED1 /* HomepwnerUITests.xctest */,
			);
			name = Products;
			sourceTree = "<group>";
		};
		2DCBC7491FC6CA9200075ED1 /* Homepwner */ = {
			isa = PBXGroup;
			children = (
				2DCBC74A1FC6CA9200075ED1 /* AppDelegate.swift */,
				2DFA31F41FC6FD4A00680699 /* ImageStore.swift */,
				2DFA31F61FC7031C00680699 /* ItemStore.swift */,
				2DFA31FC1FC707DB00680699 /* ItemCell.swift */,
				2DFA31F81FC705CF00680699 /* Item.swift */,
				2DFA31FA1FC707C700680699 /* ItemsViewController.swift */,
				2DFA31FE1FC7082000680699 /* DetailViewController.swift */,
				2DCBC74E1FC6CA9300075ED1 /* Main.storyboard */,
				2DCBC7511FC6CA9300075ED1 /* Assets.xcassets */,
				2DCBC7531FC6CA9300075ED1 /* LaunchScreen.storyboard */,
				2DCBC7561FC6CA9300075ED1 /* Info.plist */,
			);
			path = Homepwner;
			sourceTree = "<group>";
		};
		2DCBC75E1FC6CA9300075ED1 /* HomepwnerTests */ = {
			isa = PBXGroup;
			children = (
				2DCBC75F1FC6CA9300075ED1 /* HomepwnerTests.swift */,
				2DCBC7611FC6CA9300075ED1 /* Info.plist */,
			);
			path = HomepwnerTests;
			sourceTree = "<group>";
		};
		2DCBC7691FC6CA9300075ED1 /* HomepwnerUITests */ = {
			isa = PBXGroup;
			children = (
				2DCBC76A1FC6CA9300075ED1 /* HomepwnerUITests.swift */,
				2DCBC76C1FC6CA9300075ED1 /* Info.plist */,
			);
			path = HomepwnerUITests;
			sourceTree = "<group>";
		};
/* End PBXGroup section */

/* Begin PBXNativeTarget section */
		2DCBC7461FC6CA9200075ED1 /* Homepwner */ = {
			isa = PBXNativeTarget;
			buildConfigurationList = 2DCBC76F1FC6CA9300075ED1 /* Build configuration list for PBXNativeTarget "Homepwner" */;
			buildPhases = (
				2DCBC7431FC6CA9200075ED1 /* Sources */,
				2DCBC7441FC6CA9200075ED1 /* Frameworks */,
				2DCBC7451FC6CA9200075ED1 /* Resources */,
			);
			buildRules = (
			);
			dependencies = (
			);
			name = Homepwner;
			productName = Homepwner;
			productReference = 2DCBC7471FC6CA9200075ED1 /* Homepwner.app */;
			productType = "com.apple.product-type.application";
		};
		2DCBC75A1FC6CA9300075ED1 /* HomepwnerTests */ = {
			isa = PBXNativeTarget;
			buildConfigurationList = 2DCBC7721FC6CA9300075ED1 /* Build configuration list for PBXNativeTarget "HomepwnerTests" */;
			buildPhases = (
				2DCBC7571FC6CA9300075ED1 /* Sources */,
				2DCBC7581FC6CA9300075ED1 /* Frameworks */,
				2DCBC7591FC6CA9300075ED1 /* Resources */,
			);
			buildRules = (
			);
			dependencies = (
				2DCBC75D1FC6CA9300075ED1 /* PBXTargetDependency */,
			);
			name = HomepwnerTests;
			productName = HomepwnerTests;
			productReference = 2DCBC75B1FC6CA9300075ED1 /* HomepwnerTests.xctest */;
			productType = "com.apple.product-type.bundle.unit-test";
		};
		2DCBC7651FC6CA9300075ED1 /* HomepwnerUITests */ = {
			isa = PBXNativeTarget;
			buildConfigurationList = 2DCBC7751FC6CA9300075ED1 /* Build configuration list for PBXNativeTarget "HomepwnerUITests" */;
			buildPhases = (
				2DCBC7621FC6CA9300075ED1 /* Sources */,
				2DCBC7631FC6CA9300075ED1 /* Frameworks */,
				2DCBC7641FC6CA9300075ED1 /* Resources */,
			);
			buildRules = (
			);
			dependencies = (
				2DCBC7681FC6CA9300075ED1 /* PBXTargetDependency */,
			);
			name = HomepwnerUITests;
			productName = HomepwnerUITests;
			productReference = 2DCBC7661FC6CA9300075ED1 /* HomepwnerUITests.xctest */;
			productType = "com.apple.product-type.bundle.ui-testing";
		};
/* End PBXNativeTarget section */

/* Begin PBXProject section */
		2DCBC73F1FC6CA9200075ED1 /* Project object */ = {
			isa = PBXProject;
			attributes = {
				LastSwiftUpdateCheck = 0900;
				LastUpgradeCheck = 0900;
				ORGANIZATIONNAME = "杨佩璋";
				TargetAttributes = {
					2DCBC7461FC6CA9200075ED1 = {
						CreatedOnToolsVersion = 9.0;
						ProvisioningStyle = Automatic;
					};
					2DCBC75A1FC6CA9300075ED1 = {
						CreatedOnToolsVersion = 9.0;
						ProvisioningStyle = Automatic;
						TestTargetID = 2DCBC7461FC6CA9200075ED1;
					};
					2DCBC7651FC6CA9300075ED1 = {
						CreatedOnToolsVersion = 9.0;
						ProvisioningStyle = Automatic;
						TestTargetID = 2DCBC7461FC6CA9200075ED1;
					};
				};
			};
			buildConfigurationList = 2DCBC7421FC6CA9200075ED1 /* Build configuration list for PBXProject "Homepwner" */;
			compatibilityVersion = "Xcode 8.0";
			developmentRegion = en;
			hasScannedForEncodings = 0;
			knownRegions = (
				en,
				Base,
			);
			mainGroup = 2DCBC73E1FC6CA9200075ED1;
			productRefGroup = 2DCBC7481FC6CA9200075ED1 /* Products */;
			projectDirPath = "";
			projectRoot = "";
			targets = (
				2DCBC7461FC6CA9200075ED1 /* Homepwner */,
				2DCBC75A1FC6CA9300075ED1 /* HomepwnerTests */,
				2DCBC7651FC6CA9300075ED1 /* HomepwnerUITests */,
			);
		};
/* End PBXProject section */

/* Begin PBXResourcesBuildPhase section */
		2DCBC7451FC6CA9200075ED1 /* Resources */ = {
			isa = PBXResourcesBuildPhase;
			buildActionMask = 2147483647;
			files = (
				2DCBC7551FC6CA9300075ED1 /* LaunchScreen.storyboard in Resources */,
				2DCBC7521FC6CA9300075ED1 /* Assets.xcassets in Resources */,
				2DCBC7501FC6CA9300075ED1 /* Main.storyboard in Resources */,
			);
			runOnlyForDeploymentPostprocessing = 0;
		};
		2DCBC7591FC6CA9300075ED1 /* Resources */ = {
			isa = PBXResourcesBuildPhase;
			buildActionMask = 2147483647;
			files = (
			);
			runOnlyForDeploymentPostprocessing = 0;
		};
		2DCBC7641FC6CA9300075ED1 /* Resources */ = {
			isa = PBXResourcesBuildPhase;
			buildActionMask = 2147483647;
			files = (
			);
			runOnlyForDeploymentPostprocessing = 0;
		};
/* End PBXResourcesBuildPhase section */

/* Begin PBXSourcesBuildPhase section */
		2DCBC7431FC6CA9200075ED1 /* Sources */ = {
			isa = PBXSourcesBuildPhase;
			buildActionMask = 2147483647;
			files = (
				2DFA31FB1FC707C700680699 /* ItemsViewController.swift in Sources */,
				2DFA31F91FC705CF00680699 /* Item.swift in Sources */,
				2DFA31FD1FC707DB00680699 /* ItemCell.swift in Sources */,
				2DCBC74B1FC6CA9200075ED1 /* AppDelegate.swift in Sources */,
				2DFA31F51FC6FD4A00680699 /* ImageStore.swift in Sources */,
				2DFA31F71FC7031C00680699 /* ItemStore.swift in Sources */,
				2DFA31FF1FC7082100680699 /* DetailViewController.swift in Sources */,
			);
			runOnlyForDeploymentPostprocessing = 0;
		};
		2DCBC7571FC6CA9300075ED1 /* Sources */ = {
			isa = PBXSourcesBuildPhase;
			buildActionMask = 2147483647;
			files = (
				2DCBC7601FC6CA9300075ED1 /* HomepwnerTests.swift in Sources */,
			);
			runOnlyForDeploymentPostprocessing = 0;
		};
		2DCBC7621FC6CA9300075ED1 /* Sources */ = {
			isa = PBXSourcesBuildPhase;
			buildActionMask = 2147483647;
			files = (
				2DCBC76B1FC6CA9300075ED1 /* HomepwnerUITests.swift in Sources */,
			);
			runOnlyForDeploymentPostprocessing = 0;
		};
/* End PBXSourcesBuildPhase section */

/* Begin PBXTargetDependency section */
		2DCBC75D1FC6CA9300075ED1 /* PBXTargetDependency */ = {
			isa = PBXTargetDependency;
			target = 2DCBC7461FC6CA9200075ED1 /* Homepwner */;
			targetProxy = 2DCBC75C1FC6CA9300075ED1 /* PBXContainerItemProxy */;
		};
		2DCBC7681FC6CA9300075ED1 /* PBXTargetDependency */ = {
			isa = PBXTargetDependency;
			target = 2DCBC7461FC6CA9200075ED1 /* Homepwner */;
			targetProxy = 2DCBC7671FC6CA9300075ED1 /* PBXContainerItemProxy */;
		};
/* End PBXTargetDependency section */

/* Begin PBXVariantGroup section */
		2DCBC74E1FC6CA9300075ED1 /* Main.storyboard */ = {
			isa = PBXVariantGroup;
			children = (
				2DCBC74F1FC6CA9300075ED1 /* Base */,
			);
			name = Main.storyboard;
			sourceTree = "<group>";
		};
		2DCBC7531FC6CA9300075ED1 /* LaunchScreen.storyboard */ = {
			isa = PBXVariantGroup;
			children = (
				2DCBC7541FC6CA9300075ED1 /* Base */,
			);
			name = LaunchScreen.storyboard;
			sourceTree = "<group>";
		};
/* End PBXVariantGroup section */

/* Begin XCBuildConfiguration section */
		2DCBC76D1FC6CA9300075ED1 /* Debug */ = {
			isa = XCBuildConfiguration;
			buildSettings = {
				ALWAYS_SEARCH_USER_PATHS = NO;
				CLANG_ANALYZER_NONNULL = YES;
				CLANG_ANALYZER_NUMBER_OBJECT_CONVERSION = YES_AGGRESSIVE;
				CLANG_CXX_LANGUAGE_STANDARD = "gnu++14";
				CLANG_CXX_LIBRARY = "libc++";
				CLANG_ENABLE_MODULES = YES;
				CLANG_ENABLE_OBJC_ARC = YES;
				CLANG_WARN_BLOCK_CAPTURE_AUTORELEASING = YES;
				CLANG_WARN_BOOL_CONVERSION = YES;
				CLANG_WARN_COMMA = YES;
				CLANG_WARN_CONSTANT_CONVERSION = YES;
				CLANG_WARN_DIRECT_OBJC_ISA_USAGE = YES_ERROR;
				CLANG_WARN_DOCUMENTATION_COMMENTS = YES;
				CLANG_WARN_EMPTY_BODY = YES;
				CLANG_WARN_ENUM_CONVERSION = YES;
				CLANG_WARN_INFINITE_RECURSION = YES;
				CLANG_WARN_INT_CONVERSION = YES;
				CLANG_WARN_NON_LITERAL_NULL_CONVERSION = YES;
				CLANG_WARN_OBJC_LITERAL_CONVERSION = YES;
				CLANG_WARN_OBJC_ROOT_CLASS = YES_ERROR;
				CLANG_WARN_RANGE_LOOP_ANALYSIS = YES;
				CLANG_WARN_STRICT_PROTOTYPES = YES;
				CLANG_WARN_SUSPICIOUS_MOVE = YES;
				CLANG_WARN_UNGUARDED_AVAILABILITY = YES_AGGRESSIVE;
				CLANG_WARN_UNREACHABLE_CODE = YES;
				CLANG_WARN__DUPLICATE_METHOD_MATCH = YES;
				CODE_SIGN_IDENTITY = "iPhone Developer";
				COPY_PHASE_STRIP = NO;
				DEBUG_INFORMATION_FORMAT = dwarf;
				ENABLE_STRICT_OBJC_MSGSEND = YES;
				ENABLE_TESTABILITY = YES;
				GCC_C_LANGUAGE_STANDARD = gnu11;
				GCC_DYNAMIC_NO_PIC = NO;
				GCC_NO_COMMON_BLOCKS = YES;
				GCC_OPTIMIZATION_LEVEL = 0;
				GCC_PREPROCESSOR_DEFINITIONS = (
					"DEBUG=1",
					"$(inherited)",
				);
				GCC_WARN_64_TO_32_BIT_CONVERSION = YES;
				GCC_WARN_ABOUT_RETURN_TYPE = YES_ERROR;
				GCC_WARN_UNDECLARED_SELECTOR = YES;
				GCC_WARN_UNINITIALIZED_AUTOS = YES_AGGRESSIVE;
				GCC_WARN_UNUSED_FUNCTION = YES;
				GCC_WARN_UNUSED_VARIABLE = YES;
				IPHONEOS_DEPLOYMENT_TARGET = 11.0;
				MTL_ENABLE_DEBUG_INFO = YES;
				ONLY_ACTIVE_ARCH = YES;
				SDKROOT = iphoneos;
				SWIFT_ACTIVE_COMPILATION_CONDITIONS = DEBUG;
				SWIFT_OPTIMIZATION_LEVEL = "-Onone";
			};
			name = Debug;
		};
		2DCBC76E1FC6CA9300075ED1 /* Release */ = {
			isa = XCBuildConfiguration;
			buildSettings = {
				ALWAYS_SEARCH_USER_PATHS = NO;
				CLANG_ANALYZER_NONNULL = YES;
				CLANG_ANALYZER_NUMBER_OBJECT_CONVERSION = YES_AGGRESSIVE;
				CLANG_CXX_LANGUAGE_STANDARD = "gnu++14";
				CLANG_CXX_LIBRARY = "libc++";
				CLANG_ENABLE_MODULES = YES;
				CLANG_ENABLE_OBJC_ARC = YES;
				CLANG_WARN_BLOCK_CAPTURE_AUTORELEASING = YES;
				CLANG_WARN_BOOL_CONVERSION = YES;
				CLANG_WARN_COMMA = YES;
				CLANG_WARN_CONSTANT_CONVERSION = YES;
				CLANG_WARN_DIRECT_OBJC_ISA_USAGE = YES_ERROR;
				CLANG_WARN_DOCUMENTATION_COMMENTS = YES;
				CLANG_WARN_EMPTY_BODY = YES;
				CLANG_WARN_ENUM_CONVERSION = YES;
				CLANG_WARN_INFINITE_RECURSION = YES;
				CLANG_WARN_INT_CONVERSION = YES;
				CLANG_WARN_NON_LITERAL_NULL_CONVERSION = YES;
				CLANG_WARN_OBJC_LITERAL_CONVERSION = YES;
				CLANG_WARN_OBJC_ROOT_CLASS = YES_ERROR;
				CLANG_WARN_RANGE_LOOP_ANALYSIS = YES;
				CLANG_WARN_STRICT_PROTOTYPES = YES;
				CLANG_WARN_SUSPICIOUS_MOVE = YES;
				CLANG_WARN_UNGUARDED_AVAILABILITY = YES_AGGRESSIVE;
				CLANG_WARN_UNREACHABLE_CODE = YES;
				CLANG_WARN__DUPLICATE_METHOD_MATCH = YES;
				CODE_SIGN_IDENTITY = "iPhone Developer";
				COPY_PHASE_STRIP = NO;
				DEBUG_INFORMATION_FORMAT = "dwarf-with-dsym";
				ENABLE_NS_ASSERTIONS = NO;
				ENABLE_STRICT_OBJC_MSGSEND = YES;
				GCC_C_LANGUAGE_STANDARD = gnu11;
				GCC_NO_COMMON_BLOCKS = YES;
				GCC_WARN_64_TO_32_BIT_CONVERSION = YES;
				GCC_WARN_ABOUT_RETURN_TYPE = YES_ERROR;
				GCC_WARN_UNDECLARED_SELECTOR = YES;
				GCC_WARN_UNINITIALIZED_AUTOS = YES_AGGRESSIVE;
				GCC_WARN_UNUSED_FUNCTION = YES;
				GCC_WARN_UNUSED_VARIABLE = YES;
				IPHONEOS_DEPLOYMENT_TARGET = 11.0;
				MTL_ENABLE_DEBUG_INFO = NO;
				SDKROOT = iphoneos;
				SWIFT_OPTIMIZATION_LEVEL = "-Owholemodule";
				VALIDATE_PRODUCT = YES;
			};
			name = Release;
		};
		2DCBC7701FC6CA9300075ED1 /* Debug */ = {
			isa = XCBuildConfiguration;
			buildSettings = {
				ASSETCATALOG_COMPILER_APPICON_NAME = AppIcon;
				CODE_SIGN_STYLE = Automatic;
				DEVELOPMENT_TEAM = ZDZ5JUD93N;
				INFOPLIST_FILE = Homepwner/Info.plist;
				LD_RUNPATH_SEARCH_PATHS = "$(inherited) @executable_path/Frameworks";
				PRODUCT_BUNDLE_IDENTIFIER = peizhang.Homepwner;
				PRODUCT_NAME = "$(TARGET_NAME)";
				SWIFT_VERSION = 4.0;
				TARGETED_DEVICE_FAMILY = "1,2";
			};
			name = Debug;
		};
		2DCBC7711FC6CA9300075ED1 /* Release */ = {
			isa = XCBuildConfiguration;
			buildSettings = {
				ASSETCATALOG_COMPILER_APPICON_NAME = AppIcon;
				CODE_SIGN_STYLE = Automatic;
				DEVELOPMENT_TEAM = ZDZ5JUD93N;
				INFOPLIST_FILE = Homepwner/Info.plist;
				LD_RUNPATH_SEARCH_PATHS = "$(inherited) @executable_path/Frameworks";
				PRODUCT_BUNDLE_IDENTIFIER = peizhang.Homepwner;
				PRODUCT_NAME = "$(TARGET_NAME)";
				SWIFT_VERSION = 4.0;
				TARGETED_DEVICE_FAMILY = "1,2";
			};
			name = Release;
		};
		2DCBC7731FC6CA9300075ED1 /* Debug */ = {
			isa = XCBuildConfiguration;
			buildSettings = {
				ALWAYS_EMBED_SWIFT_STANDARD_LIBRARIES = YES;
				BUNDLE_LOADER = "$(TEST_HOST)";
				CODE_SIGN_STYLE = Automatic;
				DEVELOPMENT_TEAM = ZDZ5JUD93N;
				INFOPLIST_FILE = HomepwnerTests/Info.plist;
				LD_RUNPATH_SEARCH_PATHS = "$(inherited) @executable_path/Frameworks @loader_path/Frameworks";
				PRODUCT_BUNDLE_IDENTIFIER = peizhang.HomepwnerTests;
				PRODUCT_NAME = "$(TARGET_NAME)";
				SWIFT_VERSION = 4.0;
				TARGETED_DEVICE_FAMILY = "1,2";
				TEST_HOST = "$(BUILT_PRODUCTS_DIR)/Homepwner.app/Homepwner";
			};
			name = Debug;
		};
		2DCBC7741FC6CA9300075ED1 /* Release */ = {
			isa = XCBuildConfiguration;
			buildSettings = {
				ALWAYS_EMBED_SWIFT_STANDARD_LIBRARIES = YES;
				BUNDLE_LOADER = "$(TEST_HOST)";
				CODE_SIGN_STYLE = Automatic;
				DEVELOPMENT_TEAM = ZDZ5JUD93N;
				INFOPLIST_FILE = HomepwnerTests/Info.plist;
				LD_RUNPATH_SEARCH_PATHS = "$(inherited) @executable_path/Frameworks @loader_path/Frameworks";
				PRODUCT_BUNDLE_IDENTIFIER = peizhang.HomepwnerTests;
				PRODUCT_NAME = "$(TARGET_NAME)";
				SWIFT_VERSION = 4.0;
				TARGETED_DEVICE_FAMILY = "1,2";
				TEST_HOST = "$(BUILT_PRODUCTS_DIR)/Homepwner.app/Homepwner";
			};
			name = Release;
		};
		2DCBC7761FC6CA9300075ED1 /* Debug */ = {
			isa = XCBuildConfiguration;
			buildSettings = {
				ALWAYS_EMBED_SWIFT_STANDARD_LIBRARIES = YES;
				CODE_SIGN_STYLE = Automatic;
				DEVELOPMENT_TEAM = ZDZ5JUD93N;
				INFOPLIST_FILE = HomepwnerUITests/Info.plist;
				LD_RUNPATH_SEARCH_PATHS = "$(inherited) @executable_path/Frameworks @loader_path/Frameworks";
				PRODUCT_BUNDLE_IDENTIFIER = peizhang.HomepwnerUITests;
				PRODUCT_NAME = "$(TARGET_NAME)";
				SWIFT_VERSION = 4.0;
				TARGETED_DEVICE_FAMILY = "1,2";
				TEST_TARGET_NAME = Homepwner;
			};
			name = Debug;
		};
		2DCBC7771FC6CA9300075ED1 /* Release */ = {
			isa = XCBuildConfiguration;
			buildSettings = {
				ALWAYS_EMBED_SWIFT_STANDARD_LIBRARIES = YES;
				CODE_SIGN_STYLE = Automatic;
				DEVELOPMENT_TEAM = ZDZ5JUD93N;
				INFOPLIST_FILE = HomepwnerUITests/Info.plist;
				LD_RUNPATH_SEARCH_PATHS = "$(inherited) @executable_path/Frameworks @loader_path/Frameworks";
				PRODUCT_BUNDLE_IDENTIFIER = peizhang.HomepwnerUITests;
				PRODUCT_NAME = "$(TARGET_NAME)";
				SWIFT_VERSION = 4.0;
				TARGETED_DEVICE_FAMILY = "1,2";
				TEST_TARGET_NAME = Homepwner;
			};
			name = Release;
		};
/* End XCBuildConfiguration section */

/* Begin XCConfigurationList section */
		2DCBC7421FC6CA9200075ED1 /* Build configuration list for PBXProject "Homepwner" */ = {
			isa = XCConfigurationList;
			buildConfigurations = (
				2DCBC76D1FC6CA9300075ED1 /* Debug */,
				2DCBC76E1FC6CA9300075ED1 /* Release */,
			);
			defaultConfigurationIsVisible = 0;
			defaultConfigurationName = Release;
		};
		2DCBC76F1FC6CA9300075ED1 /* Build configuration list for PBXNativeTarget "Homepwner" */ = {
			isa = XCConfigurationList;
			buildConfigurations = (
				2DCBC7701FC6CA9300075ED1 /* Debug */,
				2DCBC7711FC6CA9300075ED1 /* Release */,
			);
			defaultConfigurationIsVisible = 0;
			defaultConfigurationName = Release;
		};
		2DCBC7721FC6CA9300075ED1 /* Build configuration list for PBXNativeTarget "HomepwnerTests" */ = {
			isa = XCConfigurationList;
			buildConfigurations = (
				2DCBC7731FC6CA9300075ED1 /* Debug */,
				2DCBC7741FC6CA9300075ED1 /* Release */,
			);
			defaultConfigurationIsVisible = 0;
			defaultConfigurationName = Release;
		};
		2DCBC7751FC6CA9300075ED1 /* Build configuration list for PBXNativeTarget "HomepwnerUITests" */ = {
			isa = XCConfigurationList;
			buildConfigurations = (
				2DCBC7761FC6CA9300075ED1 /* Debug */,
				2DCBC7771FC6CA9300075ED1 /* Release */,
			);
			defaultConfigurationIsVisible = 0;
			defaultConfigurationName = Release;
		};
/* End XCConfigurationList section */
	};
	rootObject = 2DCBC73F1FC6CA9200075ED1 /* Project object */;
}
